
Microsoft Visual Studio Solution File, Format Version 12.00
# Visual Studio Version 17
VisualStudioVersion = 17.4.33122.133
MinimumVisualStudioVersion = 10.0.40219.1
Project("{FAE04EC0-301F-11D3-BF4B-00C04F79EFBC}") = "SyberryAssessment", "SyberryAssessment\SyberryAssessment.csproj", "{BB190643-89E1-4E77-8B5B-9980E16D5722}"
EndProject
Global
	GlobalSection(SolutionConfigurationPlatforms) = preSolution
		Debug|Any CPU = Debug|Any CPU
		Release|Any CPU = Release|Any CPU
	EndGlobalSection
	GlobalSection(ProjectConfigurationPlatforms) = postSolution
		{BB190643-89E1-4E77-8B5B-9980E16D5722}.Debug|Any CPU.ActiveCfg = Debug|Any CPU
		{BB190643-89E1-4E77-8B5B-9980E16D5722}.Debug|Any CPU.Build.0 = Debug|Any CPU
		{BB190643-89E1-4E77-8B5B-9980E16D5722}.Release|Any CPU.ActiveCfg = Release|Any CPU
		{BB190643-89E1-4E77-8B5B-9980E16D5722}.Release|Any CPU.Build.0 = Release|Any CPU
	EndGlobalSection
	GlobalSection(SolutionProperties) = preSolution
		HideSolutionNode = FALSE
	EndGlobalSection
	GlobalSection(ExtensibilityGlobals) = postSolution
		SolutionGuid = {7F0FC875-32E6-4AA3-81CD-9E9614032B93}
	EndGlobalSection
EndGlobal
